
Microsoft Visual Studio Solution File, Format Version 12.00
# Visual Studio Version 16
VisualStudioVersion = 16.0.30413.136
MinimumVisualStudioVersion = 10.0.40219.1
Project("{FAE04EC0-301F-11D3-BF4B-00C04F79EFBC}") = "ExcelToPaper", "ExcelToPaper\ExcelToPaper.csproj", "{D7B12F6E-55C3-457B-B72D-0E9464F12AC3}"
EndProject
Project("{54435603-DBB4-11D2-8724-00A0C9A8B90C}") = "ExcelToPaperInstaller", "ExcelToPaperInstaller\ExcelToPaperInstaller.vdproj", "{B8A16C13-8E0A-4CCA-BAF2-9652428B0D4E}"
EndProject
Global
	GlobalSection(SolutionConfigurationPlatforms) = preSolution
		Debug|Any CPU = Debug|Any CPU
		Release|Any CPU = Release|Any CPU
	EndGlobalSection
	GlobalSection(ProjectConfigurationPlatforms) = postSolution
		{D7B12F6E-55C3-457B-B72D-0E9464F12AC3}.Debug|Any CPU.ActiveCfg = Debug|Any CPU
		{D7B12F6E-55C3-457B-B72D-0E9464F12AC3}.Debug|Any CPU.Build.0 = Debug|Any CPU
		{D7B12F6E-55C3-457B-B72D-0E9464F12AC3}.Release|Any CPU.ActiveCfg = Release|Any CPU
		{D7B12F6E-55C3-457B-B72D-0E9464F12AC3}.Release|Any CPU.Build.0 = Release|Any CPU
		{B8A16C13-8E0A-4CCA-BAF2-9652428B0D4E}.Debug|Any CPU.ActiveCfg = Debug
		{B8A16C13-8E0A-4CCA-BAF2-9652428B0D4E}.Release|Any CPU.ActiveCfg = Release
	EndGlobalSection
	GlobalSection(SolutionProperties) = preSolution
		HideSolutionNode = FALSE
	EndGlobalSection
	GlobalSection(ExtensibilityGlobals) = postSolution
		SolutionGuid = {3EA4936D-AADB-4E0A-8150-9B93822C23EC}
	EndGlobalSection
EndGlobal
